// !$*UTF8*$!
{
	archiveVersion = 1;
	classes = {
	};
	objectVersion = 48;
	objects = {

/* Begin PBXBuildFile section */
		24C288B7206F8BEC00EB661F /* AppDelegate.swift in Sources */ = {isa = PBXBuildFile; fileRef = 24C288B6206F8BEC00EB661F /* AppDelegate.swift */; };
		24C288B9206F8BEC00EB661F /* ViewController.swift in Sources */ = {isa = PBXBuildFile; fileRef = 24C288B8206F8BEC00EB661F /* ViewController.swift */; };
		24C288BC206F8BEC00EB661F /* Main.storyboard in Resources */ = {isa = PBXBuildFile; fileRef = 24C288BA206F8BEC00EB661F /* Main.storyboard */; };
		24C288BE206F8BEC00EB661F /* Assets.xcassets in Resources */ = {isa = PBXBuildFile; fileRef = 24C288BD206F8BEC00EB661F /* Assets.xcassets */; };
		24C288C1206F8BEC00EB661F /* LaunchScreen.storyboard in Resources */ = {isa = PBXBuildFile; fileRef = 24C288BF206F8BEC00EB661F /* LaunchScreen.storyboard */; };
		24C288CA206F8CDA00EB661F /* sample.mp4 in Resources */ = {isa = PBXBuildFile; fileRef = 24C288C9206F8CDA00EB661F /* sample.mp4 */; };
/* End PBXBuildFile section */

/* Begin PBXFileReference section */
		24C288B3206F8BEB00EB661F /* BackgroundVideoSample.app */ = {isa = PBXFileReference; explicitFileType = wrapper.application; includeInIndex = 0; path = BackgroundVideoSample.app; sourceTree = BUILT_PRODUCTS_DIR; };
		24C288B6206F8BEC00EB661F /* AppDelegate.swift */ = {isa = PBXFileReference; lastKnownFileType = sourcecode.swift; path = AppDelegate.swift; sourceTree = "<group>"; };
		24C288B8206F8BEC00EB661F /* ViewController.swift */ = {isa = PBXFileReference; lastKnownFileType = sourcecode.swift; path = ViewController.swift; sourceTree = "<group>"; };
		24C288BB206F8BEC00EB661F /* Base */ = {isa = PBXFileReference; lastKnownFileType = file.storyboard; name = Base; path = Base.lproj/Main.storyboard; sourceTree = "<group>"; };
		24C288BD206F8BEC00EB661F /* Assets.xcassets */ = {isa = PBXFileReference; lastKnownFileType = folder.assetcatalog; path = Assets.xcassets; sourceTree = "<group>"; };
		24C288C0206F8BEC00EB661F /* Base */ = {isa = PBXFileReference; lastKnownFileType = file.storyboard; name = Base; path = Base.lproj/LaunchScreen.storyboard; sourceTree = "<group>"; };
		24C288C2206F8BEC00EB661F /* Info.plist */ = {isa = PBXFileReference; lastKnownFileType = text.plist.xml; path = Info.plist; sourceTree = "<group>"; };
		24C288C9206F8CDA00EB661F /* sample.mp4 */ = {isa = PBXFileReference; lastKnownFileType = file; path = sample.mp4; sourceTree = "<group>"; };
/* End PBXFileReference section */

/* Begin PBXFrameworksBuildPhase section */
		24C288B0206F8BEB00EB661F /* Frameworks */ = {
			isa = PBXFrameworksBuildPhase;
			buildActionMask = 2147483647;
			files = (
			);
			runOnlyForDeploymentPostprocessing = 0;
		};
/* End PBXFrameworksBuildPhase section */

/* Begin PBXGroup section */
		24C288AA206F8BEB00EB661F = {
			isa = PBXGroup;
			children = (
				24C288B5206F8BEB00EB661F /* BackgroundVideoSample */,
				24C288B4206F8BEB00EB661F /* Products */,
			);
			sourceTree = "<group>";
		};
		24C288B4206F8BEB00EB661F /* Products */ = {
			isa = PBXGroup;
			children = (
				24C288B3206F8BEB00EB661F /* BackgroundVideoSample.app */,
			);
			name = Products;
			sourceTree = "<group>";
		};
		24C288B5206F8BEB00EB661F /* BackgroundVideoSample */ = {
			isa = PBXGroup;
			children = (
				24C288C9206F8CDA00EB661F /* sample.mp4 */,
				24C288B6206F8BEC00EB661F /* AppDelegate.swift */,
				24C288B8206F8BEC00EB661F /* ViewController.swift */,
				24C288BA206F8BEC00EB661F /* Main.storyboard */,
				24C288BD206F8BEC00EB661F /* Assets.xcassets */,
				24C288BF206F8BEC00EB661F /* LaunchScreen.storyboard */,
				24C288C2206F8BEC00EB661F /* Info.plist */,
			);
			path = BackgroundVideoSample;
			sourceTree = "<group>";
		};
/* End PBXGroup section */

/* Begin PBXNativeTarget section */
		24C288B2206F8BEB00EB661F /* BackgroundVideoSample */ = {
			isa = PBXNativeTarget;
			buildConfigurationList = 24C288C5206F8BEC00EB661F /* Build configuration list for PBXNativeTarget "BackgroundVideoSample" */;
			buildPhases = (
				24C288AF206F8BEB00EB661F /* Sources */,
				24C288B0206F8BEB00EB661F /* Frameworks */,
				24C288B1206F8BEB00EB661F /* Resources */,
			);
			buildRules = (
			);
			dependencies = (
			);
			name = BackgroundVideoSample;
			productName = BackgroundVideoSample;
			productReference = 24C288B3206F8BEB00EB661F /* BackgroundVideoSample.app */;
			productType = "com.apple.product-type.application";
		};
/* End PBXNativeTarget section */

/* Begin PBXProject section */
		24C288AB206F8BEB00EB661F /* Project object */ = {
			isa = PBXProject;
			attributes = {
				LastSwiftUpdateCheck = 0920;
				LastUpgradeCheck = 0920;
				ORGANIZATIONNAME = tattn;
				TargetAttributes = {
					24C288B2206F8BEB00EB661F = {
						CreatedOnToolsVersion = 9.2;
						ProvisioningStyle = Automatic;
					};
				};
			};
			buildConfigurationList = 24C288AE206F8BEB00EB661F /* Build configuration list for PBXProject "BackgroundVideoSample" */;
			compatibilityVersion = "Xcode 8.0";
			developmentRegion = en;
			hasScannedForEncodings = 0;
			knownRegions = (
				en,
				Base,
			);
			mainGroup = 24C288AA206F8BEB00EB661F;
			productRefGroup = 24C288B4206F8BEB00EB661F /* Products */;
			projectDirPath = "";
			projectRoot = "";
			targets = (
				24C288B2206F8BEB00EB661F /* BackgroundVideoSample */,
			);
		};
/* End PBXProject section */

/* Begin PBXResourcesBuildPhase section */
		24C288B1206F8BEB00EB661F /* Resources */ = {
			isa = PBXResourcesBuildPhase;
			buildActionMask = 2147483647;
			files = (
				24C288C1206F8BEC00EB661F /* LaunchScreen.storyboard in Resources */,
				24C288CA206F8CDA00EB661F /* sample.mp4 in Resources */,
				24C288BE206F8BEC00EB661F /* Assets.xcassets in Resources */,
				24C288BC206F8BEC00EB661F /* Main.storyboard in Resources */,
			);
			runOnlyForDeploymentPostprocessing = 0;
		};
/* End PBXResourcesBuildPhase section */

/* Begin PBXSourcesBuildPhase section */
		24C288AF206F8BEB00EB661F /* Sources */ = {
			isa = PBXSourcesBuildPhase;
			buildActionMask = 2147483647;
			files = (
				24C288B9206F8BEC00EB661F /* ViewController.swift in Sources */,
				24C288B7206F8BEC00EB661F /* AppDelegate.swift in Sources */,
			);
			runOnlyForDeploymentPostprocessing = 0;
		};
/* End PBXSourcesBuildPhase section */

/* Begin PBXVariantGroup section */
		24C288BA206F8BEC00EB661F /* Main.storyboard */ = {
			isa = PBXVariantGroup;
			children = (
				24C288BB206F8BEC00EB661F /* Base */,
			);
			name = Main.storyboard;
			sourceTree = "<group>";
		};
		24C288BF206F8BEC00EB661F /* LaunchScreen.storyboard */ = {
			isa = PBXVariantGroup;
			children = (
				24C288C0206F8BEC00EB661F /* Base */,
			);
			name = LaunchScreen.storyboard;
			sourceTree = "<group>";
		};
/* End PBXVariantGroup section */

/* Begin XCBuildConfiguration section */
		24C288C3206F8BEC00EB661F /* Debug */ = {
			isa = XCBuildConfiguration;
			buildSettings = {
				ALWAYS_SEARCH_USER_PATHS = NO;
				CLANG_ANALYZER_NONNULL = YES;
				CLANG_ANALYZER_NUMBER_OBJECT_CONVERSION = YES_AGGRESSIVE;
				CLANG_CXX_LANGUAGE_STANDARD = "gnu++14";
				CLANG_CXX_LIBRARY = "libc++";
				CLANG_ENABLE_MODULES = YES;
				CLANG_ENABLE_OBJC_ARC = YES;
				CLANG_WARN_BLOCK_CAPTURE_AUTORELEASING = YES;
				CLANG_WARN_BOOL_CONVERSION = YES;
				CLANG_WARN_COMMA = YES;
				CLANG_WARN_CONSTANT_CONVERSION = YES;
				CLANG_WARN_DIRECT_OBJC_ISA_USAGE = YES_ERROR;
				CLANG_WARN_DOCUMENTATION_COMMENTS = YES;
				CLANG_WARN_EMPTY_BODY = YES;
				CLANG_WARN_ENUM_CONVERSION = YES;
				CLANG_WARN_INFINITE_RECURSION = YES;
				CLANG_WARN_INT_CONVERSION = YES;
				CLANG_WARN_NON_LITERAL_NULL_CONVERSION = YES;
				CLANG_WARN_OBJC_LITERAL_CONVERSION = YES;
				CLANG_WARN_OBJC_ROOT_CLASS = YES_ERROR;
				CLANG_WARN_RANGE_LOOP_ANALYSIS = YES;
				CLANG_WARN_STRICT_PROTOTYPES = YES;
				CLANG_WARN_SUSPICIOUS_MOVE = YES;
				CLANG_WARN_UNGUARDED_AVAILABILITY = YES_AGGRESSIVE;
				CLANG_WARN_UNREACHABLE_CODE = YES;
				CLANG_WARN__DUPLICATE_METHOD_MATCH = YES;
				CODE_SIGN_IDENTITY = "iPhone Developer";
				COPY_PHASE_STRIP = NO;
				DEBUG_INFORMATION_FORMAT = dwarf;
				ENABLE_STRICT_OBJC_MSGSEND = YES;
				ENABLE_TESTABILITY = YES;
				GCC_C_LANGUAGE_STANDARD = gnu11;
				GCC_DYNAMIC_NO_PIC = NO;
				GCC_NO_COMMON_BLOCKS = YES;
				GCC_OPTIMIZATION_LEVEL = 0;
				GCC_PREPROCESSOR_DEFINITIONS = (
					"DEBUG=1",
					"$(inherited)",
				);
				GCC_WARN_64_TO_32_BIT_CONVERSION = YES;
				GCC_WARN_ABOUT_RETURN_TYPE = YES_ERROR;
				GCC_WARN_UNDECLARED_SELECTOR = YES;
				GCC_WARN_UNINITIALIZED_AUTOS = YES_AGGRESSIVE;
				GCC_WARN_UNUSED_FUNCTION = YES;
				GCC_WARN_UNUSED_VARIABLE = YES;
				IPHONEOS_DEPLOYMENT_TARGET = 11.2;
				MTL_ENABLE_DEBUG_INFO = YES;
				ONLY_ACTIVE_ARCH = YES;
				SDKROOT = iphoneos;
				SWIFT_ACTIVE_COMPILATION_CONDITIONS = DEBUG;
				SWIFT_OPTIMIZATION_LEVEL = "-Onone";
			};
			name = Debug;
		};
		24C288C4206F8BEC00EB661F /* Release */ = {
			isa = XCBuildConfiguration;
			buildSettings = {
				ALWAYS_SEARCH_USER_PATHS = NO;
				CLANG_ANALYZER_NONNULL = YES;
				CLANG_ANALYZER_NUMBER_OBJECT_CONVERSION = YES_AGGRESSIVE;
				CLANG_CXX_LANGUAGE_STANDARD = "gnu++14";
				CLANG_CXX_LIBRARY = "libc++";
				CLANG_ENABLE_MODULES = YES;
				CLANG_ENABLE_OBJC_ARC = YES;
				CLANG_WARN_BLOCK_CAPTURE_AUTORELEASING = YES;
				CLANG_WARN_BOOL_CONVERSION = YES;
				CLANG_WARN_COMMA = YES;
				CLANG_WARN_CONSTANT_CONVERSION = YES;
				CLANG_WARN_DIRECT_OBJC_ISA_USAGE = YES_ERROR;
				CLANG_WARN_DOCUMENTATION_COMMENTS = YES;
				CLANG_WARN_EMPTY_BODY = YES;
				CLANG_WARN_ENUM_CONVERSION = YES;
				CLANG_WARN_INFINITE_RECURSION = YES;
				CLANG_WARN_INT_CONVERSION = YES;
				CLANG_WARN_NON_LITERAL_NULL_CONVERSION = YES;
				CLANG_WARN_OBJC_LITERAL_CONVERSION = YES;
				CLANG_WARN_OBJC_ROOT_CLASS = YES_ERROR;
				CLANG_WARN_RANGE_LOOP_ANALYSIS = YES;
				CLANG_WARN_STRICT_PROTOTYPES = YES;
				CLANG_WARN_SUSPICIOUS_MOVE = YES;
				CLANG_WARN_UNGUARDED_AVAILABILITY = YES_AGGRESSIVE;
				CLANG_WARN_UNREACHABLE_CODE = YES;
				CLANG_WARN__DUPLICATE_METHOD_MATCH = YES;
				CODE_SIGN_IDENTITY = "iPhone Developer";
				COPY_PHASE_STRIP = NO;
				DEBUG_INFORMATION_FORMAT = "dwarf-with-dsym";
				ENABLE_NS_ASSERTIONS = NO;
				ENABLE_STRICT_OBJC_MSGSEND = YES;
				GCC_C_LANGUAGE_STANDARD = gnu11;
				GCC_NO_COMMON_BLOCKS = YES;
				GCC_WARN_64_TO_32_BIT_CONVERSION = YES;
				GCC_WARN_ABOUT_RETURN_TYPE = YES_ERROR;
				GCC_WARN_UNDECLARED_SELECTOR = YES;
				GCC_WARN_UNINITIALIZED_AUTOS = YES_AGGRESSIVE;
				GCC_WARN_UNUSED_FUNCTION = YES;
				GCC_WARN_UNUSED_VARIABLE = YES;
				IPHONEOS_DEPLOYMENT_TARGET = 11.2;
				MTL_ENABLE_DEBUG_INFO = NO;
				SDKROOT = iphoneos;
				SWIFT_OPTIMIZATION_LEVEL = "-Owholemodule";
				VALIDATE_PRODUCT = YES;
			};
			name = Release;
		};
		24C288C6206F8BEC00EB661F /* Debug */ = {
			isa = XCBuildConfiguration;
			buildSettings = {
				ASSETCATALOG_COMPILER_APPICON_NAME = AppIcon;
				CODE_SIGN_STYLE = Automatic;
				INFOPLIST_FILE = BackgroundVideoSample/Info.plist;
				LD_RUNPATH_SEARCH_PATHS = "$(inherited) @executable_path/Frameworks";
				PRODUCT_BUNDLE_IDENTIFIER = com.github.tattn.BackgroundVideoSample;
				PRODUCT_NAME = "$(TARGET_NAME)";
				SWIFT_VERSION = 4.0;
				TARGETED_DEVICE_FAMILY = "1,2";
			};
			name = Debug;
		};
		24C288C7206F8BEC00EB661F /* Release */ = {
			isa = XCBuildConfiguration;
			buildSettings = {
				ASSETCATALOG_COMPILER_APPICON_NAME = AppIcon;
				CODE_SIGN_STYLE = Automatic;
				INFOPLIST_FILE = BackgroundVideoSample/Info.plist;
				LD_RUNPATH_SEARCH_PATHS = "$(inherited) @executable_path/Frameworks";
				PRODUCT_BUNDLE_IDENTIFIER = com.github.tattn.BackgroundVideoSample;
				PRODUCT_NAME = "$(TARGET_NAME)";
				SWIFT_VERSION = 4.0;
				TARGETED_DEVICE_FAMILY = "1,2";
			};
			name = Release;
		};
/* End XCBuildConfiguration section */

/* Begin XCConfigurationList section */
		24C288AE206F8BEB00EB661F /* Build configuration list for PBXProject "BackgroundVideoSample" */ = {
			isa = XCConfigurationList;
			buildConfigurations = (
				24C288C3206F8BEC00EB661F /* Debug */,
				24C288C4206F8BEC00EB661F /* Release */,
			);
			defaultConfigurationIsVisible = 0;
			defaultConfigurationName = Release;
		};
		24C288C5206F8BEC00EB661F /* Build configuration list for PBXNativeTarget "BackgroundVideoSample" */ = {
			isa = XCConfigurationList;
			buildConfigurations = (
				24C288C6206F8BEC00EB661F /* Debug */,
				24C288C7206F8BEC00EB661F /* Release */,
			);
			defaultConfigurationIsVisible = 0;
			defaultConfigurationName = Release;
		};
/* End XCConfigurationList section */
	};
	rootObject = 24C288AB206F8BEB00EB661F /* Project object */;
}
